
Microsoft Visual Studio Solution File, Format Version 12.00
# Visual Studio Version 16
VisualStudioVersion = 16.0.30907.101
MinimumVisualStudioVersion = 10.0.40219.1
Project("{FAE04EC0-301F-11D3-BF4B-00C04F79EFBC}") = "MultipleRouteTemplates", "MultipleRouteTemplates.csproj", "{9B8FB34C-F413-47C5-9600-E60CA3415FDA}"
EndProject
Global
	GlobalSection(SolutionConfigurationPlatforms) = preSolution
		Debug|Any CPU = Debug|Any CPU
		Release|Any CPU = Release|Any CPU
	EndGlobalSection
	GlobalSection(ProjectConfigurationPlatforms) = postSolution
		{9B8FB34C-F413-47C5-9600-E60CA3415FDA}.Debug|Any CPU.ActiveCfg = Debug|Any CPU
		{9B8FB34C-F413-47C5-9600-E60CA3415FDA}.Debug|Any CPU.Build.0 = Debug|Any CPU
		{9B8FB34C-F413-47C5-9600-E60CA3415FDA}.Release|Any CPU.ActiveCfg = Release|Any CPU
		{9B8FB34C-F413-47C5-9600-E60CA3415FDA}.Release|Any CPU.Build.0 = Release|Any CPU
	EndGlobalSection
	GlobalSection(SolutionProperties) = preSolution
		HideSolutionNode = FALSE
	EndGlobalSection
	GlobalSection(ExtensibilityGlobals) = postSolution
		SolutionGuid = {7348B195-1404-4BF5-8137-6752AE57F030}
	EndGlobalSection
EndGlobal
